
Microsoft Visual Studio Solution File, Format Version 12.00
# Visual Studio Version 17
VisualStudioVersion = 17.0.31903.59
MinimumVisualStudioVersion = 10.0.40219.1
Project("{2150E333-8FDC-42A3-9474-1A3956D46DE8}") = "src", "src", "{827E0CD3-B72D-47B6-A68D-7590B98EB39B}"
EndProject
Project("{FAE04EC0-301F-11D3-BF4B-00C04F79EFBC}") = "SIGA.Domain", "src\SIGA.Domain\SIGA.Domain.csproj", "{1845F80D-E593-429F-8D96-8236E0494684}"
EndProject
Project("{FAE04EC0-301F-11D3-BF4B-00C04F79EFBC}") = "SIGA.Application", "src\SIGA.Application\SIGA.Application.csproj", "{33B58916-0A07-452F-BD39-A7EC262E553F}"
EndProject
Project("{FAE04EC0-301F-11D3-BF4B-00C04F79EFBC}") = "SIGA.Infrastructure", "src\SIGA.Infrastructure\SIGA.Infrastructure.csproj", "{BB46E5C5-A06E-4A82-88FB-23175CAD19CB}"
EndProject
Project("{FAE04EC0-301F-11D3-BF4B-00C04F79EFBC}") = "SIGA.WebApi", "src\SIGA.WebApi\SIGA.WebApi.csproj", "{3A4F7CF8-CDCB-4102-9385-651845DACA25}"
EndProject
Global
	GlobalSection(SolutionConfigurationPlatforms) = preSolution
		Debug|Any CPU = Debug|Any CPU
		Debug|x64 = Debug|x64
		Debug|x86 = Debug|x86
		Release|Any CPU = Release|Any CPU
		Release|x64 = Release|x64
		Release|x86 = Release|x86
	EndGlobalSection
	GlobalSection(ProjectConfigurationPlatforms) = postSolution
		{1845F80D-E593-429F-8D96-8236E0494684}.Debug|Any CPU.ActiveCfg = Debug|Any CPU
		{1845F80D-E593-429F-8D96-8236E0494684}.Debug|Any CPU.Build.0 = Debug|Any CPU
		{1845F80D-E593-429F-8D96-8236E0494684}.Debug|x64.ActiveCfg = Debug|Any CPU
		{1845F80D-E593-429F-8D96-8236E0494684}.Debug|x64.Build.0 = Debug|Any CPU
		{1845F80D-E593-429F-8D96-8236E0494684}.Debug|x86.ActiveCfg = Debug|Any CPU
		{1845F80D-E593-429F-8D96-8236E0494684}.Debug|x86.Build.0 = Debug|Any CPU
		{1845F80D-E593-429F-8D96-8236E0494684}.Release|Any CPU.ActiveCfg = Release|Any CPU
		{1845F80D-E593-429F-8D96-8236E0494684}.Release|Any CPU.Build.0 = Release|Any CPU
		{1845F80D-E593-429F-8D96-8236E0494684}.Release|x64.ActiveCfg = Release|Any CPU
		{1845F80D-E593-429F-8D96-8236E0494684}.Release|x64.Build.0 = Release|Any CPU
		{1845F80D-E593-429F-8D96-8236E0494684}.Release|x86.ActiveCfg = Release|Any CPU
		{1845F80D-E593-429F-8D96-8236E0494684}.Release|x86.Build.0 = Release|Any CPU
		{33B58916-0A07-452F-BD39-A7EC262E553F}.Debug|Any CPU.ActiveCfg = Debug|Any CPU
		{33B58916-0A07-452F-BD39-A7EC262E553F}.Debug|Any CPU.Build.0 = Debug|Any CPU
		{33B58916-0A07-452F-BD39-A7EC262E553F}.Debug|x64.ActiveCfg = Debug|Any CPU
		{33B58916-0A07-452F-BD39-A7EC262E553F}.Debug|x64.Build.0 = Debug|Any CPU
		{33B58916-0A07-452F-BD39-A7EC262E553F}.Debug|x86.ActiveCfg = Debug|Any CPU
		{33B58916-0A07-452F-BD39-A7EC262E553F}.Debug|x86.Build.0 = Debug|Any CPU
		{33B58916-0A07-452F-BD39-A7EC262E553F}.Release|Any CPU.ActiveCfg = Release|Any CPU
		{33B58916-0A07-452F-BD39-A7EC262E553F}.Release|Any CPU.Build.0 = Release|Any CPU
		{33B58916-0A07-452F-BD39-A7EC262E553F}.Release|x64.ActiveCfg = Release|Any CPU
		{33B58916-0A07-452F-BD39-A7EC262E553F}.Release|x64.Build.0 = Release|Any CPU
		{33B58916-0A07-452F-BD39-A7EC262E553F}.Release|x86.ActiveCfg = Release|Any CPU
		{33B58916-0A07-452F-BD39-A7EC262E553F}.Release|x86.Build.0 = Release|Any CPU
		{BB46E5C5-A06E-4A82-88FB-23175CAD19CB}.Debug|Any CPU.ActiveCfg = Debug|Any CPU
		{BB46E5C5-A06E-4A82-88FB-23175CAD19CB}.Debug|Any CPU.Build.0 = Debug|Any CPU
		{BB46E5C5-A06E-4A82-88FB-23175CAD19CB}.Debug|x64.ActiveCfg = Debug|Any CPU
		{BB46E5C5-A06E-4A82-88FB-23175CAD19CB}.Debug|x64.Build.0 = Debug|Any CPU
		{BB46E5C5-A06E-4A82-88FB-23175CAD19CB}.Debug|x86.ActiveCfg = Debug|Any CPU
		{BB46E5C5-A06E-4A82-88FB-23175CAD19CB}.Debug|x86.Build.0 = Debug|Any CPU
		{BB46E5C5-A06E-4A82-88FB-23175CAD19CB}.Release|Any CPU.ActiveCfg = Release|Any CPU
		{BB46E5C5-A06E-4A82-88FB-23175CAD19CB}.Release|Any CPU.Build.0 = Release|Any CPU
		{BB46E5C5-A06E-4A82-88FB-23175CAD19CB}.Release|x64.ActiveCfg = Release|Any CPU
		{BB46E5C5-A06E-4A82-88FB-23175CAD19CB}.Release|x64.Build.0 = Release|Any CPU
		{BB46E5C5-A06E-4A82-88FB-23175CAD19CB}.Release|x86.ActiveCfg = Release|Any CPU
		{BB46E5C5-A06E-4A82-88FB-23175CAD19CB}.Release|x86.Build.0 = Release|Any CPU
		{3A4F7CF8-CDCB-4102-9385-651845DACA25}.Debug|Any CPU.ActiveCfg = Debug|Any CPU
		{3A4F7CF8-CDCB-4102-9385-651845DACA25}.Debug|Any CPU.Build.0 = Debug|Any CPU
		{3A4F7CF8-CDCB-4102-9385-651845DACA25}.Debug|x64.ActiveCfg = Debug|Any CPU
		{3A4F7CF8-CDCB-4102-9385-651845DACA25}.Debug|x64.Build.0 = Debug|Any CPU
		{3A4F7CF8-CDCB-4102-9385-651845DACA25}.Debug|x86.ActiveCfg = Debug|Any CPU
		{3A4F7CF8-CDCB-4102-9385-651845DACA25}.Debug|x86.Build.0 = Debug|Any CPU
		{3A4F7CF8-CDCB-4102-9385-651845DACA25}.Release|Any CPU.ActiveCfg = Release|Any CPU
		{3A4F7CF8-CDCB-4102-9385-651845DACA25}.Release|Any CPU.Build.0 = Release|Any CPU
		{3A4F7CF8-CDCB-4102-9385-651845DACA25}.Release|x64.ActiveCfg = Release|Any CPU
		{3A4F7CF8-CDCB-4102-9385-651845DACA25}.Release|x64.Build.0 = Release|Any CPU
		{3A4F7CF8-CDCB-4102-9385-651845DACA25}.Release|x86.ActiveCfg = Release|Any CPU
		{3A4F7CF8-CDCB-4102-9385-651845DACA25}.Release|x86.Build.0 = Release|Any CPU
	EndGlobalSection
	GlobalSection(SolutionProperties) = preSolution
		HideSolutionNode = FALSE
	EndGlobalSection
	GlobalSection(NestedProjects) = preSolution
		{1845F80D-E593-429F-8D96-8236E0494684} = {827E0CD3-B72D-47B6-A68D-7590B98EB39B}
		{33B58916-0A07-452F-BD39-A7EC262E553F} = {827E0CD3-B72D-47B6-A68D-7590B98EB39B}
		{BB46E5C5-A06E-4A82-88FB-23175CAD19CB} = {827E0CD3-B72D-47B6-A68D-7590B98EB39B}
		{3A4F7CF8-CDCB-4102-9385-651845DACA25} = {827E0CD3-B72D-47B6-A68D-7590B98EB39B}
	EndGlobalSection
EndGlobal
